
Microsoft Visual Studio Solution File, Format Version 12.00
# Visual Studio 2015
Project("{FAE04EC0-301F-11D3-BF4B-00C04F79EFBC}") = "Virtual Visit.CSharp", "Virtual Visit.CSharp.csproj", "{FB01F64B-9BAE-73A0-53D3-199A328A43E4}"
EndProject
Project("{FAE04EC0-301F-11D3-BF4B-00C04F79EFBC}") = "Virtual Visit.CSharp.Editor", "Virtual Visit.CSharp.Editor.csproj", "{3D165EBE-4BF6-5E42-E7A6-A7D82D3BC784}"
EndProject
Global
	GlobalSection(SolutionConfigurationPlatforms) = preSolution
		Debug|Any CPU = Debug|Any CPU
		Release|Any CPU = Release|Any CPU
	EndGlobalSection
	GlobalSection(ProjectConfigurationPlatforms) = postSolution
		{FB01F64B-9BAE-73A0-53D3-199A328A43E4}.Debug|Any CPU.ActiveCfg = Debug|Any CPU
		{FB01F64B-9BAE-73A0-53D3-199A328A43E4}.Debug|Any CPU.Build.0 = Debug|Any CPU
		{FB01F64B-9BAE-73A0-53D3-199A328A43E4}.Release|Any CPU.ActiveCfg = Release|Any CPU
		{FB01F64B-9BAE-73A0-53D3-199A328A43E4}.Release|Any CPU.Build.0 = Release|Any CPU
		{3D165EBE-4BF6-5E42-E7A6-A7D82D3BC784}.Debug|Any CPU.ActiveCfg = Debug|Any CPU
		{3D165EBE-4BF6-5E42-E7A6-A7D82D3BC784}.Debug|Any CPU.Build.0 = Debug|Any CPU
		{3D165EBE-4BF6-5E42-E7A6-A7D82D3BC784}.Release|Any CPU.ActiveCfg = Release|Any CPU
		{3D165EBE-4BF6-5E42-E7A6-A7D82D3BC784}.Release|Any CPU.Build.0 = Release|Any CPU
	EndGlobalSection
	GlobalSection(SolutionProperties) = preSolution
		HideSolutionNode = FALSE
	EndGlobalSection
EndGlobal
